
Microsoft Visual Studio Solution File, Format Version 12.00
# Visual Studio 15
VisualStudioVersion = 15.0.28307.168
MinimumVisualStudioVersion = 10.0.40219.1
Project("{FAE04EC0-301F-11D3-BF4B-00C04F79EFBC}") = "SimuladorEstacionServicio.WinClient", "SimuladorEstacionServicio.WinClient\SimuladorEstacionServicio.WinClient.csproj", "{DCC10581-F5BC-46D0-8C21-24470D908319}"
EndProject
Project("{FAE04EC0-301F-11D3-BF4B-00C04F79EFBC}") = "SimuladorEstacionServicio.Core", "SimuladorEstacionServicio.Core\SimuladorEstacionServicio.Core.csproj", "{D89BDA58-C0F2-4C45-A6C9-3157501B06FD}"
EndProject
Global
	GlobalSection(SolutionConfigurationPlatforms) = preSolution
		Debug|Any CPU = Debug|Any CPU
		Release|Any CPU = Release|Any CPU
	EndGlobalSection
	GlobalSection(ProjectConfigurationPlatforms) = postSolution
		{DCC10581-F5BC-46D0-8C21-24470D908319}.Debug|Any CPU.ActiveCfg = Debug|Any CPU
		{DCC10581-F5BC-46D0-8C21-24470D908319}.Debug|Any CPU.Build.0 = Debug|Any CPU
		{DCC10581-F5BC-46D0-8C21-24470D908319}.Release|Any CPU.ActiveCfg = Release|Any CPU
		{DCC10581-F5BC-46D0-8C21-24470D908319}.Release|Any CPU.Build.0 = Release|Any CPU
		{D89BDA58-C0F2-4C45-A6C9-3157501B06FD}.Debug|Any CPU.ActiveCfg = Debug|Any CPU
		{D89BDA58-C0F2-4C45-A6C9-3157501B06FD}.Debug|Any CPU.Build.0 = Debug|Any CPU
		{D89BDA58-C0F2-4C45-A6C9-3157501B06FD}.Release|Any CPU.ActiveCfg = Release|Any CPU
		{D89BDA58-C0F2-4C45-A6C9-3157501B06FD}.Release|Any CPU.Build.0 = Release|Any CPU
	EndGlobalSection
	GlobalSection(SolutionProperties) = preSolution
		HideSolutionNode = FALSE
	EndGlobalSection
	GlobalSection(ExtensibilityGlobals) = postSolution
		SolutionGuid = {1C091309-02ED-44DB-9AFB-FEDBEDC82CD9}
	EndGlobalSection
EndGlobal
